
Microsoft Visual Studio Solution File, Format Version 12.00
# Visual Studio Version 17
VisualStudioVersion = 17.10.35027.167
MinimumVisualStudioVersion = 10.0.40219.1
Project("{FAE04EC0-301F-11D3-BF4B-00C04F79EFBC}") = "SmartOffice", "SmartOffice\SmartOffice.csproj", "{4D59DA57-3025-4A48-9AB5-20E2771FF758}"
EndProject
Project("{FAE04EC0-301F-11D3-BF4B-00C04F79EFBC}") = "SmartOfficeTests", "SmartOfficeTests\SmartOfficeTests.csproj", "{8EF9D154-5FDB-4FF0-8D2D-93FA970B7D61}"
EndProject
Global
	GlobalSection(SolutionConfigurationPlatforms) = preSolution
		Debug|Any CPU = Debug|Any CPU
		Release|Any CPU = Release|Any CPU
	EndGlobalSection
	GlobalSection(ProjectConfigurationPlatforms) = postSolution
		{4D59DA57-3025-4A48-9AB5-20E2771FF758}.Debug|Any CPU.ActiveCfg = Debug|Any CPU
		{4D59DA57-3025-4A48-9AB5-20E2771FF758}.Debug|Any CPU.Build.0 = Debug|Any CPU
		{4D59DA57-3025-4A48-9AB5-20E2771FF758}.Release|Any CPU.ActiveCfg = Release|Any CPU
		{4D59DA57-3025-4A48-9AB5-20E2771FF758}.Release|Any CPU.Build.0 = Release|Any CPU
		{8EF9D154-5FDB-4FF0-8D2D-93FA970B7D61}.Debug|Any CPU.ActiveCfg = Debug|Any CPU
		{8EF9D154-5FDB-4FF0-8D2D-93FA970B7D61}.Debug|Any CPU.Build.0 = Debug|Any CPU
		{8EF9D154-5FDB-4FF0-8D2D-93FA970B7D61}.Release|Any CPU.ActiveCfg = Release|Any CPU
		{8EF9D154-5FDB-4FF0-8D2D-93FA970B7D61}.Release|Any CPU.Build.0 = Release|Any CPU
	EndGlobalSection
	GlobalSection(SolutionProperties) = preSolution
		HideSolutionNode = FALSE
	EndGlobalSection
	GlobalSection(ExtensibilityGlobals) = postSolution
		SolutionGuid = {7B5F89A2-F769-47DA-A13D-728AC34DD5EF}
	EndGlobalSection
EndGlobal
